Microsoft Visual Studio Solution File, Format Version 12.00
# Visual Studio Version 17
VisualStudioVersion = 17.8.34330.188
MinimumVisualStudioVersion = 10.0.40219.1
Project("{8BC9CEB8-8B4A-11D0-8D11-00A0C91BC942}") = "QuantumCacheGui", "gui\QuantumCacheGui\QuantumCacheGui.vcxproj", "{B6C3E1A2-4F2D-4E4C-9B36-2F7B0C9A1D01}"
EndProject
Global
	GlobalSection(SolutionConfigurationPlatforms) = preSolution
		Debug|x64 = Debug|x64
		Release|x64 = Release|x64
		Debug|ARM64 = Debug|ARM64
		Release|ARM64 = Release|ARM64
	EndGlobalSection
	GlobalSection(ProjectConfigurationPlatforms) = postSolution
		{B6C3E1A2-4F2D-4E4C-9B36-2F7B0C9A1D01}.Debug|x64.ActiveCfg = Debug|x64
		{B6C3E1A2-4F2D-4E4C-9B36-2F7B0C9A1D01}.Debug|x64.Build.0 = Debug|x64
		{B6C3E1A2-4F2D-4E4C-9B36-2F7B0C9A1D01}.Debug|x64.Deploy.0 = Debug|x64
		{B6C3E1A2-4F2D-4E4C-9B36-2F7B0C9A1D01}.Release|x64.ActiveCfg = Release|x64
		{B6C3E1A2-4F2D-4E4C-9B36-2F7B0C9A1D01}.Release|x64.Build.0 = Release|x64
		{B6C3E1A2-4F2D-4E4C-9B36-2F7B0C9A1D01}.Release|x64.Deploy.0 = Release|x64
		{B6C3E1A2-4F2D-4E4C-9B36-2F7B0C9A1D01}.Debug|ARM64.ActiveCfg = Debug|ARM64
		{B6C3E1A2-4F2D-4E4C-9B36-2F7B0C9A1D01}.Debug|ARM64.Build.0 = Debug|ARM64
		{B6C3E1A2-4F2D-4E4C-9B36-2F7B0C9A1D01}.Debug|ARM64.Deploy.0 = Debug|ARM64
		{B6C3E1A2-4F2D-4E4C-9B36-2F7B0C9A1D01}.Release|ARM64.ActiveCfg = Release|ARM64
		{B6C3E1A2-4F2D-4E4C-9B36-2F7B0C9A1D01}.Release|ARM64.Build.0 = Release|ARM64
		{B6C3E1A2-4F2D-4E4C-9B36-2F7B0C9A1D01}.Release|ARM64.Deploy.0 = Release|ARM64
	EndGlobalSection
	GlobalSection(SolutionProperties) = preSolution
		HideSolutionNode = FALSE
	EndGlobalSection
EndGlobal
